
Microsoft Visual Studio Solution File, Format Version 12.00
# Visual Studio Version 16
VisualStudioVersion = 16.0.31515.178
MinimumVisualStudioVersion = 10.0.40219.1
Project("{9A19103F-16F7-4668-BE54-9A1E7A4F7556}") = "Orders", "Examen1\Orders.csproj", "{C4CA3F23-EFE0-4306-AF36-5365BAA03C5B}"
EndProject
Global
	GlobalSection(SolutionConfigurationPlatforms) = preSolution
		Debug|Any CPU = Debug|Any CPU
		Release|Any CPU = Release|Any CPU
	EndGlobalSection
	GlobalSection(ProjectConfigurationPlatforms) = postSolution
		{C4CA3F23-EFE0-4306-AF36-5365BAA03C5B}.Debug|Any CPU.ActiveCfg = Debug|Any CPU
		{C4CA3F23-EFE0-4306-AF36-5365BAA03C5B}.Debug|Any CPU.Build.0 = Debug|Any CPU
		{C4CA3F23-EFE0-4306-AF36-5365BAA03C5B}.Release|Any CPU.ActiveCfg = Release|Any CPU
		{C4CA3F23-EFE0-4306-AF36-5365BAA03C5B}.Release|Any CPU.Build.0 = Release|Any CPU
	EndGlobalSection
	GlobalSection(SolutionProperties) = preSolution
		HideSolutionNode = FALSE
	EndGlobalSection
	GlobalSection(ExtensibilityGlobals) = postSolution
		SolutionGuid = {9369A6BA-BF08-4BAB-BE72-9EE6137ADDBE}
	EndGlobalSection
EndGlobal
